// !$*UTF8*$!
{
	archiveVersion = 1;
	classes = {
	};
	objectVersion = 50;
	objects = {

/* Begin PBXBuildFile section */
		3770EEC9274642D000BD5771 /* AppDelegate.swift in Sources */ = {isa = PBXBuildFile; fileRef = 3770EEC8274642D000BD5771 /* AppDelegate.swift */; };
		3770EECB274642D000BD5771 /* SceneDelegate.swift in Sources */ = {isa = PBXBuildFile; fileRef = 3770EECA274642D000BD5771 /* SceneDelegate.swift */; };
		3770EECD274642D000BD5771 /* ViewController.swift in Sources */ = {isa = PBXBuildFile; fileRef = 3770EECC274642D000BD5771 /* ViewController.swift */; };
		3770EED0274642D000BD5771 /* Main.storyboard in Resources */ = {isa = PBXBuildFile; fileRef = 3770EECE274642D000BD5771 /* Main.storyboard */; };
		3770EED2274642D100BD5771 /* Assets.xcassets in Resources */ = {isa = PBXBuildFile; fileRef = 3770EED1274642D100BD5771 /* Assets.xcassets */; };
		3770EED5274642D100BD5771 /* LaunchScreen.storyboard in Resources */ = {isa = PBXBuildFile; fileRef = 3770EED3274642D100BD5771 /* LaunchScreen.storyboard */; };
		378E53D8274FBF7B00F08176 /* Bukhari Script.ttf in Resources */ = {isa = PBXBuildFile; fileRef = 378E53D7274FBF7B00F08176 /* Bukhari Script.ttf */; };
		37E778DA274FDEF100DFAD68 /* CreateMessageViewController.swift in Sources */ = {isa = PBXBuildFile; fileRef = 37E778D9274FDEF100DFAD68 /* CreateMessageViewController.swift */; };
		37E778DC274FF3F400DFAD68 /* Capture d’écran 2021-11-25 à 17.38.17.png in Resources */ = {isa = PBXBuildFile; fileRef = 37E778DB274FF3F400DFAD68 /* Capture d’écran 2021-11-25 à 17.38.17.png */; };
		37EE63F227576285009389D2 /* ListMessageViewController.swift in Sources */ = {isa = PBXBuildFile; fileRef = 37EE63F127576285009389D2 /* ListMessageViewController.swift */; };
		37EE63F42757C2A4009389D2 /* MessageTableViewCell.swift in Sources */ = {isa = PBXBuildFile; fileRef = 37EE63F32757C2A4009389D2 /* MessageTableViewCell.swift */; };
		37EE63F62757CB7F009389D2 /* InfosViewController.swift in Sources */ = {isa = PBXBuildFile; fileRef = 37EE63F52757CB7F009389D2 /* InfosViewController.swift */; };
		9A87B11D274924F500CB7276 /* LaizyMessageLogo.png in Resources */ = {isa = PBXBuildFile; fileRef = 9A87B11C274924F500CB7276 /* LaizyMessageLogo.png */; };
/* End PBXBuildFile section */

/* Begin PBXFileReference section */
		3770EEC5274642D000BD5771 /* LazyMessages.app */ = {isa = PBXFileReference; explicitFileType = wrapper.application; includeInIndex = 0; path = LazyMessages.app; sourceTree = BUILT_PRODUCTS_DIR; };
		3770EEC8274642D000BD5771 /* AppDelegate.swift */ = {isa = PBXFileReference; lastKnownFileType = sourcecode.swift; path = AppDelegate.swift; sourceTree = "<group>"; };
		3770EECA274642D000BD5771 /* SceneDelegate.swift */ = {isa = PBXFileReference; lastKnownFileType = sourcecode.swift; path = SceneDelegate.swift; sourceTree = "<group>"; };
		3770EECC274642D000BD5771 /* ViewController.swift */ = {isa = PBXFileReference; lastKnownFileType = sourcecode.swift; path = ViewController.swift; sourceTree = "<group>"; };
		3770EECF274642D000BD5771 /* Base */ = {isa = PBXFileReference; lastKnownFileType = file.storyboard; name = Base; path = Base.lproj/Main.storyboard; sourceTree = "<group>"; };
		3770EED1274642D100BD5771 /* Assets.xcassets */ = {isa = PBXFileReference; lastKnownFileType = folder.assetcatalog; path = Assets.xcassets; sourceTree = "<group>"; };
		3770EED4274642D100BD5771 /* Base */ = {isa = PBXFileReference; lastKnownFileType = file.storyboard; name = Base; path = Base.lproj/LaunchScreen.storyboard; sourceTree = "<group>"; };
		3770EED6274642D100BD5771 /* Info.plist */ = {isa = PBXFileReference; lastKnownFileType = text.plist.xml; path = Info.plist; sourceTree = "<group>"; };
		378E53D7274FBF7B00F08176 /* Bukhari Script.ttf */ = {isa = PBXFileReference; lastKnownFileType = file; path = "Bukhari Script.ttf"; sourceTree = "<group>"; };
		37E778D9274FDEF100DFAD68 /* CreateMessageViewController.swift */ = {isa = PBXFileReference; lastKnownFileType = sourcecode.swift; path = CreateMessageViewController.swift; sourceTree = "<group>"; };
		37E778DB274FF3F400DFAD68 /* Capture d’écran 2021-11-25 à 17.38.17.png */ = {isa = PBXFileReference; lastKnownFileType = image.png; path = "Capture d’écran 2021-11-25 à 17.38.17.png"; sourceTree = "<group>"; };
		37EE63F127576285009389D2 /* ListMessageViewController.swift */ = {isa = PBXFileReference; lastKnownFileType = sourcecode.swift; path = ListMessageViewController.swift; sourceTree = "<group>"; };
		37EE63F32757C2A4009389D2 /* MessageTableViewCell.swift */ = {isa = PBXFileReference; lastKnownFileType = sourcecode.swift; path = MessageTableViewCell.swift; sourceTree = "<group>"; };
		37EE63F52757CB7F009389D2 /* InfosViewController.swift */ = {isa = PBXFileReference; lastKnownFileType = sourcecode.swift; path = InfosViewController.swift; sourceTree = "<group>"; };
		9A87B11C274924F500CB7276 /* LaizyMessageLogo.png */ = {isa = PBXFileReference; lastKnownFileType = image.png; name = LaizyMessageLogo.png; path = ../../LaizyMessageLogo.png; sourceTree = "<group>"; };
/* End PBXFileReference section */

/* Begin PBXFrameworksBuildPhase section */
		3770EEC2274642D000BD5771 /* Frameworks */ = {
			isa = PBXFrameworksBuildPhase;
			buildActionMask = 2147483647;
			files = (
			);
			runOnlyForDeploymentPostprocessing = 0;
		};
/* End PBXFrameworksBuildPhase section */

/* Begin PBXGroup section */
		3770EEBC274642D000BD5771 = {
			isa = PBXGroup;
			children = (
				3770EEC7274642D000BD5771 /* LazyMessages */,
				3770EEC6274642D000BD5771 /* Products */,
			);
			sourceTree = "<group>";
		};
		3770EEC6274642D000BD5771 /* Products */ = {
			isa = PBXGroup;
			children = (
				3770EEC5274642D000BD5771 /* LazyMessages.app */,
			);
			name = Products;
			sourceTree = "<group>";
		};
		3770EEC7274642D000BD5771 /* LazyMessages */ = {
			isa = PBXGroup;
			children = (
				3770EED6274642D100BD5771 /* Info.plist */,
				37E778DB274FF3F400DFAD68 /* Capture d’écran 2021-11-25 à 17.38.17.png */,
				9A87B11C274924F500CB7276 /* LaizyMessageLogo.png */,
				3770EEC8274642D000BD5771 /* AppDelegate.swift */,
				37E778D9274FDEF100DFAD68 /* CreateMessageViewController.swift */,
				37EE63F127576285009389D2 /* ListMessageViewController.swift */,
				3770EECA274642D000BD5771 /* SceneDelegate.swift */,
				3770EECC274642D000BD5771 /* ViewController.swift */,
				378E53D7274FBF7B00F08176 /* Bukhari Script.ttf */,
				3770EED1274642D100BD5771 /* Assets.xcassets */,
				3770EED3274642D100BD5771 /* LaunchScreen.storyboard */,
				3770EECE274642D000BD5771 /* Main.storyboard */,
				37EE63F32757C2A4009389D2 /* MessageTableViewCell.swift */,
				37EE63F52757CB7F009389D2 /* InfosViewController.swift */,
			);
			path = LazyMessages;
			sourceTree = "<group>";
		};
/* End PBXGroup section */

/* Begin PBXNativeTarget section */
		3770EEC4274642D000BD5771 /* LazyMessages */ = {
			isa = PBXNativeTarget;
			buildConfigurationList = 3770EED9274642D100BD5771 /* Build configuration list for PBXNativeTarget "LazyMessages" */;
			buildPhases = (
				3770EEC1274642D000BD5771 /* Sources */,
				3770EEC2274642D000BD5771 /* Frameworks */,
				3770EEC3274642D000BD5771 /* Resources */,
			);
			buildRules = (
			);
			dependencies = (
			);
			name = LazyMessages;
			productName = LazyMessages;
			productReference = 3770EEC5274642D000BD5771 /* LazyMessages.app */;
			productType = "com.apple.product-type.application";
		};
/* End PBXNativeTarget section */

/* Begin PBXProject section */
		3770EEBD274642D000BD5771 /* Project object */ = {
			isa = PBXProject;
			attributes = {
				LastSwiftUpdateCheck = 1250;
				LastUpgradeCheck = 1250;
				TargetAttributes = {
					3770EEC4274642D000BD5771 = {
						CreatedOnToolsVersion = 12.5.1;
					};
				};
			};
			buildConfigurationList = 3770EEC0274642D000BD5771 /* Build configuration list for PBXProject "LazyMessages" */;
			compatibilityVersion = "Xcode 9.3";
			developmentRegion = en;
			hasScannedForEncodings = 0;
			knownRegions = (
				en,
				Base,
			);
			mainGroup = 3770EEBC274642D000BD5771;
			productRefGroup = 3770EEC6274642D000BD5771 /* Products */;
			projectDirPath = "";
			projectRoot = "";
			targets = (
				3770EEC4274642D000BD5771 /* LazyMessages */,
			);
		};
/* End PBXProject section */

/* Begin PBXResourcesBuildPhase section */
		3770EEC3274642D000BD5771 /* Resources */ = {
			isa = PBXResourcesBuildPhase;
			buildActionMask = 2147483647;
			files = (
				3770EED5274642D100BD5771 /* LaunchScreen.storyboard in Resources */,
				3770EED2274642D100BD5771 /* Assets.xcassets in Resources */,
				378E53D8274FBF7B00F08176 /* Bukhari Script.ttf in Resources */,
				9A87B11D274924F500CB7276 /* LaizyMessageLogo.png in Resources */,
				3770EED0274642D000BD5771 /* Main.storyboard in Resources */,
				37E778DC274FF3F400DFAD68 /* Capture d’écran 2021-11-25 à 17.38.17.png in Resources */,
			);
			runOnlyForDeploymentPostprocessing = 0;
		};
/* End PBXResourcesBuildPhase section */

/* Begin PBXSourcesBuildPhase section */
		3770EEC1274642D000BD5771 /* Sources */ = {
			isa = PBXSourcesBuildPhase;
			buildActionMask = 2147483647;
			files = (
				37E778DA274FDEF100DFAD68 /* CreateMessageViewController.swift in Sources */,
				3770EECD274642D000BD5771 /* ViewController.swift in Sources */,
				37EE63F227576285009389D2 /* ListMessageViewController.swift in Sources */,
				3770EEC9274642D000BD5771 /* AppDelegate.swift in Sources */,
				3770EECB274642D000BD5771 /* SceneDelegate.swift in Sources */,
				37EE63F42757C2A4009389D2 /* MessageTableViewCell.swift in Sources */,
				37EE63F62757CB7F009389D2 /* InfosViewController.swift in Sources */,
			);
			runOnlyForDeploymentPostprocessing = 0;
		};
/* End PBXSourcesBuildPhase section */

/* Begin PBXVariantGroup section */
		3770EECE274642D000BD5771 /* Main.storyboard */ = {
			isa = PBXVariantGroup;
			children = (
				3770EECF274642D000BD5771 /* Base */,
			);
			name = Main.storyboard;
			sourceTree = "<group>";
		};
		3770EED3274642D100BD5771 /* LaunchScreen.storyboard */ = {
			isa = PBXVariantGroup;
			children = (
				3770EED4274642D100BD5771 /* Base */,
			);
			name = LaunchScreen.storyboard;
			sourceTree = "<group>";
		};
/* End PBXVariantGroup section */

/* Begin XCBuildConfiguration section */
		3770EED7274642D100BD5771 /* Debug */ = {
			isa = XCBuildConfiguration;
			buildSettings = {
				ALWAYS_SEARCH_USER_PATHS = NO;
				CLANG_ANALYZER_NONNULL = YES;
				CLANG_ANALYZER_NUMBER_OBJECT_CONVERSION = YES_AGGRESSIVE;
				CLANG_CXX_LANGUAGE_STANDARD = "gnu++14";
				CLANG_CXX_LIBRARY = "libc++";
				CLANG_ENABLE_MODULES = YES;
				CLANG_ENABLE_OBJC_ARC = YES;
				CLANG_ENABLE_OBJC_WEAK = YES;
				CLANG_WARN_BLOCK_CAPTURE_AUTORELEASING = YES;
				CLANG_WARN_BOOL_CONVERSION = YES;
				CLANG_WARN_COMMA = YES;
				CLANG_WARN_CONSTANT_CONVERSION = YES;
				CLANG_WARN_DEPRECATED_OBJC_IMPLEMENTATIONS = YES;
				CLANG_WARN_DIRECT_OBJC_ISA_USAGE = YES_ERROR;
				CLANG_WARN_DOCUMENTATION_COMMENTS = YES;
				CLANG_WARN_EMPTY_BODY = YES;
				CLANG_WARN_ENUM_CONVERSION = YES;
				CLANG_WARN_INFINITE_RECURSION = YES;
				CLANG_WARN_INT_CONVERSION = YES;
				CLANG_WARN_NON_LITERAL_NULL_CONVERSION = YES;
				CLANG_WARN_OBJC_IMPLICIT_RETAIN_SELF = YES;
				CLANG_WARN_OBJC_LITERAL_CONVERSION = YES;
				CLANG_WARN_OBJC_ROOT_CLASS = YES_ERROR;
				CLANG_WARN_QUOTED_INCLUDE_IN_FRAMEWORK_HEADER = YES;
				CLANG_WARN_RANGE_LOOP_ANALYSIS = YES;
				CLANG_WARN_STRICT_PROTOTYPES = YES;
				CLANG_WARN_SUSPICIOUS_MOVE = YES;
				CLANG_WARN_UNGUARDED_AVAILABILITY = YES_AGGRESSIVE;
				CLANG_WARN_UNREACHABLE_CODE = YES;
				CLANG_WARN__DUPLICATE_METHOD_MATCH = YES;
				COPY_PHASE_STRIP = NO;
				DEBUG_INFORMATION_FORMAT = dwarf;
				ENABLE_STRICT_OBJC_MSGSEND = YES;
				ENABLE_TESTABILITY = YES;
				GCC_C_LANGUAGE_STANDARD = gnu11;
				GCC_DYNAMIC_NO_PIC = NO;
				GCC_NO_COMMON_BLOCKS = YES;
				GCC_OPTIMIZATION_LEVEL = 0;
				GCC_PREPROCESSOR_DEFINITIONS = (
					"DEBUG=1",
					"$(inherited)",
				);
				GCC_WARN_64_TO_32_BIT_CONVERSION = YES;
				GCC_WARN_ABOUT_RETURN_TYPE = YES_ERROR;
				GCC_WARN_UNDECLARED_SELECTOR = YES;
				GCC_WARN_UNINITIALIZED_AUTOS = YES_AGGRESSIVE;
				GCC_WARN_UNUSED_FUNCTION = YES;
				GCC_WARN_UNUSED_VARIABLE = YES;
				IPHONEOS_DEPLOYMENT_TARGET = 14.5;
				MTL_ENABLE_DEBUG_INFO = INCLUDE_SOURCE;
				MTL_FAST_MATH = YES;
				ONLY_ACTIVE_ARCH = YES;
				SDKROOT = iphoneos;
				SWIFT_ACTIVE_COMPILATION_CONDITIONS = DEBUG;
				SWIFT_OPTIMIZATION_LEVEL = "-Onone";
			};
			name = Debug;
		};
		3770EED8274642D100BD5771 /* Release */ = {
			isa = XCBuildConfiguration;
			buildSettings = {
				ALWAYS_SEARCH_USER_PATHS = NO;
				CLANG_ANALYZER_NONNULL = YES;
				CLANG_ANALYZER_NUMBER_OBJECT_CONVERSION = YES_AGGRESSIVE;
				CLANG_CXX_LANGUAGE_STANDARD = "gnu++14";
				CLANG_CXX_LIBRARY = "libc++";
				CLANG_ENABLE_MODULES = YES;
				CLANG_ENABLE_OBJC_ARC = YES;
				CLANG_ENABLE_OBJC_WEAK = YES;
				CLANG_WARN_BLOCK_CAPTURE_AUTORELEASING = YES;
				CLANG_WARN_BOOL_CONVERSION = YES;
				CLANG_WARN_COMMA = YES;
				CLANG_WARN_CONSTANT_CONVERSION = YES;
				CLANG_WARN_DEPRECATED_OBJC_IMPLEMENTATIONS = YES;
				CLANG_WARN_DIRECT_OBJC_ISA_USAGE = YES_ERROR;
				CLANG_WARN_DOCUMENTATION_COMMENTS = YES;
				CLANG_WARN_EMPTY_BODY = YES;
				CLANG_WARN_ENUM_CONVERSION = YES;
				CLANG_WARN_INFINITE_RECURSION = YES;
				CLANG_WARN_INT_CONVERSION = YES;
				CLANG_WARN_NON_LITERAL_NULL_CONVERSION = YES;
				CLANG_WARN_OBJC_IMPLICIT_RETAIN_SELF = YES;
				CLANG_WARN_OBJC_LITERAL_CONVERSION = YES;
				CLANG_WARN_OBJC_ROOT_CLASS = YES_ERROR;
				CLANG_WARN_QUOTED_INCLUDE_IN_FRAMEWORK_HEADER = YES;
				CLANG_WARN_RANGE_LOOP_ANALYSIS = YES;
				CLANG_WARN_STRICT_PROTOTYPES = YES;
				CLANG_WARN_SUSPICIOUS_MOVE = YES;
				CLANG_WARN_UNGUARDED_AVAILABILITY = YES_AGGRESSIVE;
				CLANG_WARN_UNREACHABLE_CODE = YES;
				CLANG_WARN__DUPLICATE_METHOD_MATCH = YES;
				COPY_PHASE_STRIP = NO;
				DEBUG_INFORMATION_FORMAT = "dwarf-with-dsym";
				ENABLE_NS_ASSERTIONS = NO;
				ENABLE_STRICT_OBJC_MSGSEND = YES;
				GCC_C_LANGUAGE_STANDARD = gnu11;
				GCC_NO_COMMON_BLOCKS = YES;
				GCC_WARN_64_TO_32_BIT_CONVERSION = YES;
				GCC_WARN_ABOUT_RETURN_TYPE = YES_ERROR;
				GCC_WARN_UNDECLARED_SELECTOR = YES;
				GCC_WARN_UNINITIALIZED_AUTOS = YES_AGGRESSIVE;
				GCC_WARN_UNUSED_FUNCTION = YES;
				GCC_WARN_UNUSED_VARIABLE = YES;
				IPHONEOS_DEPLOYMENT_TARGET = 14.5;
				MTL_ENABLE_DEBUG_INFO = NO;
				MTL_FAST_MATH = YES;
				SDKROOT = iphoneos;
				SWIFT_COMPILATION_MODE = wholemodule;
				SWIFT_OPTIMIZATION_LEVEL = "-O";
				VALIDATE_PRODUCT = YES;
			};
			name = Release;
		};
		3770EEDA274642D100BD5771 /* Debug */ = {
			isa = XCBuildConfiguration;
			buildSettings = {
				ASSETCATALOG_COMPILER_APPICON_NAME = "AppIcon-1";
				ASSETCATALOG_COMPILER_GLOBAL_ACCENT_COLOR_NAME = AccentColor;
				ASSETCATALOG_COMPILER_INCLUDE_ALL_APPICON_ASSETS = NO;
				CODE_SIGN_STYLE = Automatic;
				DEVELOPMENT_TEAM = MXG3J3BH5K;
				INFOPLIST_FILE = LazyMessages/Info.plist;
				IPHONEOS_DEPLOYMENT_TARGET = 15.0;
				LD_RUNPATH_SEARCH_PATHS = (
					"$(inherited)",
					"@executable_path/Frameworks",
				);
				PRODUCT_BUNDLE_IDENTIFIER = com.iOSproject.LazyMessages;
				PRODUCT_NAME = "$(TARGET_NAME)";
				SWIFT_VERSION = 5.0;
				TARGETED_DEVICE_FAMILY = 1;
			};
			name = Debug;
		};
		3770EEDB274642D100BD5771 /* Release */ = {
			isa = XCBuildConfiguration;
			buildSettings = {
				ASSETCATALOG_COMPILER_APPICON_NAME = "AppIcon-1";
				ASSETCATALOG_COMPILER_GLOBAL_ACCENT_COLOR_NAME = AccentColor;
				ASSETCATALOG_COMPILER_INCLUDE_ALL_APPICON_ASSETS = NO;
				CODE_SIGN_STYLE = Automatic;
				DEVELOPMENT_TEAM = MXG3J3BH5K;
				INFOPLIST_FILE = LazyMessages/Info.plist;
				IPHONEOS_DEPLOYMENT_TARGET = 15.0;
				LD_RUNPATH_SEARCH_PATHS = (
					"$(inherited)",
					"@executable_path/Frameworks",
				);
				PRODUCT_BUNDLE_IDENTIFIER = com.iOSproject.LazyMessages;
				PRODUCT_NAME = "$(TARGET_NAME)";
				SWIFT_VERSION = 5.0;
				TARGETED_DEVICE_FAMILY = 1;
			};
			name = Release;
		};
/* End XCBuildConfiguration section */

/* Begin XCConfigurationList section */
		3770EEC0274642D000BD5771 /* Build configuration list for PBXProject "LazyMessages" */ = {
			isa = XCConfigurationList;
			buildConfigurations = (
				3770EED7274642D100BD5771 /* Debug */,
				3770EED8274642D100BD5771 /* Release */,
			);
			defaultConfigurationIsVisible = 0;
			defaultConfigurationName = Release;
		};
		3770EED9274642D100BD5771 /* Build configuration list for PBXNativeTarget "LazyMessages" */ = {
			isa = XCConfigurationList;
			buildConfigurations = (
				3770EEDA274642D100BD5771 /* Debug */,
				3770EEDB274642D100BD5771 /* Release */,
			);
			defaultConfigurationIsVisible = 0;
			defaultConfigurationName = Release;
		};
/* End XCConfigurationList section */
	};
	rootObject = 3770EEBD274642D000BD5771 /* Project object */;
}
